dependencies:
- name: cs-secrets
  repository: https://artifactory.otxlab.net/artifactory/cs-dctm-helm-rel
  version: "25.4"
- name: db
  repository: https://artifactory.otxlab.net/artifactory/cs-dctm-helm-rel
  version: "17.2"
- name: cs-logging-configMap
  repository: https://artifactory.otxlab.net/artifactory/cs-dctm-helm-rel
  version: "25.4"
- name: docbroker
  repository: https://artifactory.otxlab.net/artifactory/cs-dctm-helm-rel
  version: "25.4"
- name: content-server
  repository: https://artifactory.otxlab.net/artifactory/cs-dctm-helm-rel
  version: "25.4"
- name: dctm-ingress
  repository: https://artifactory.otxlab.net/artifactory/cs-dctm-helm-rel
  version: "25.4"
- name: vpningress
  repository: https://artifactory.otxlab.net/artifactory/cs-dctm-helm-rel
  version: "25.4"
- name: d2publicingress
  repository: https://artifactory.otxlab.net/artifactory/cs-dctm-helm-rel
  version: "25.4"
- name: cs-dfc-properties
  repository: https://artifactory.otxlab.net/artifactory/cs-dctm-helm-rel
  version: "25.4"
- name: dtrbase
  repository: https://artifactory.otxlab.net/artifactory/cs-dctm-helm-rel
  version: "25.4"
- name: dctm-rest
  repository: https://artifactory.otxlab.net/artifactory/cs-dctm-helm-rel
  version: "25.4"
- name: dctm-cmis
  repository: https://artifactory.otxlab.net/artifactory/cs-dctm-helm-rel
  version: "25.4"
- name: dctm-workflow-designer
  repository: https://artifactory.otxlab.net/artifactory/cs-dctm-helm-rel
  version: "25.4"
- name: contentconnect
  repository: https://artifactory.otxlab.net/artifactory/cs-dctm-helm-rel
  version: 25.4.0
- name: da
  repository: https://artifactory.otxlab.net/artifactory/cs-dctm-helm-rel
  version: "25.4"
- name: dfs
  repository: https://artifactory.otxlab.net/artifactory/cs-dctm-helm-rel
  version: "25.4"
- name: records
  repository: https://artifactory.otxlab.net/artifactory/cs-dctm-helm-rel
  version: "25.4"
- name: rqm
  repository: https://artifactory.otxlab.net/artifactory/cs-dctm-helm-rel
  version: "25.4"
- name: dctm-dcc
  repository: https://artifactory.otxlab.net/artifactory/cs-dctm-helm-rel
  version: "25.4"
- name: otds
  repository: https://artifactory.otxlab.net/artifactory/plteng-otds-helm-rel
  version: 25.4.0
- name: d2config
  repository: https://artifactory.otxlab.net/artifactory/cs-dctm-helm-rel
  version: "25.4"
- name: d2classic
  repository: https://artifactory.otxlab.net/artifactory/cs-dctm-helm-rel
  version: "25.4"
- name: d2smartview
  repository: https://artifactory.otxlab.net/artifactory/cs-dctm-helm-rel
  version: "25.4"
- name: d2rest
  repository: https://artifactory.otxlab.net/artifactory/cs-dctm-helm-rel
  version: "25.4"
- name: adminconsole
  repository: https://artifactory.otxlab.net/artifactory/cs-dctm-helm-rel
  version: "25.4"
- name: appworks-gateway
  repository: https://artifactory.otxlab.net/artifactory/plteng-otawg-helm-rel-local
  version: 25.4.0
- name: xPlore-OneD
  repository: https://artifactory.otxlab.net/artifactory/cs-dctm-helm-rel
  version: 22.1.14
- name: otiv
  repository: https://artifactory.otxlab.net/artifactory/cs-vandt-helm-pre
  version: 25.4.0
- name: smartviewm365
  repository: https://artifactory.otxlab.net/artifactory/cs-dctm-helm-rel
  version: "25.4"
- name: notificationservice
  repository: https://artifactory.otxlab.net/artifactory/cs-dctm-helm-rel
  version: 25.4.0
- name: oesconnector
  repository: https://artifactory.otxlab.net/artifactory/cs-dctm-helm-rel
  version: 25.4.0
- name: bps
  repository: https://artifactory.otxlab.net/artifactory/cs-dctm-helm-rel
  version: "25.4"
- name: xda
  repository: https://artifactory.otxlab.net/artifactory/cs-dctm-helm-rel
  version: "25.4"
- name: documentum-search
  repository: https://artifactory.otxlab.net/artifactory/cs-dctm-helm-rel
  version: "25.4"
- name: amq
  repository: https://artifactory.otxlab.net/artifactory/cs-dctm-helm-rel
  version: 2.41.0-10
- name: dctm-dcis
  repository: https://artifactory.otxlab.net/artifactory/cs-dctm-helm-rel
  version: "25.4"
- name: ijms
  repository: https://artifactory.otxlab.net/artifactory/cs-dctm-helm-rel
  version: "25.4"
- name: ao-installer
  repository: https://artifactory.otxlab.net/artifactory/cs-dctm-helm-rel
  version: "25.4"
- name: lss
  repository: https://artifactory.otxlab.net/artifactory/cs-dctm-helm-rel
  version: 25.4.0
- name: dctm-dms
  repository: https://artifactory.otxlab.net/artifactory/cs-dctm-helm-rel
  version: "25.4"
- name: dctm-assap
  repository: https://artifactory.otxlab.net/artifactory/cs-dctm-helm-rel
  version: "25.4"
- name: dctm-assap-ilm
  repository: https://artifactory.otxlab.net/artifactory/cs-dctm-helm-rel
  version: "25.4"
- name: dctm-cssap
  repository: https://artifactory.otxlab.net/artifactory/cs-dctm-helm-rel
  version: "25.4"
digest: sha256:2628f3f2fb59fe2aa72ac44b6e482d1c5effb3b357de57ea8852670330b533e5
generated: "2025-10-29T09:27:37.159604306Z"
